
Microsoft Visual Studio Solution File, Format Version 12.00
# Visual Studio Version 17
VisualStudioVersion = 17.4.33122.133
MinimumVisualStudioVersion = 10.0.40219.1
Project("{2150E333-8FDC-42A3-9474-1A3956D46DE8}") = "Day01", "Day01", "{8FA913B7-46DC-443E-A3CD-891DB0ED7A05}"
EndProject
Project("{9A19103F-16F7-4668-BE54-9A1E7A4F7556}") = "Day01.Core", "Day01\Day01.Core\Day01.Core.csproj", "{95252677-41BB-4C2D-8880-8FA94C799E46}"
EndProject
Project("{9A19103F-16F7-4668-BE54-9A1E7A4F7556}") = "Day01.Tests", "Day01\Day01.Tests\Day01.Tests.csproj", "{24FBD6C1-DE86-4901-B75F-2CAE9664F702}"
EndProject
Project("{9A19103F-16F7-4668-BE54-9A1E7A4F7556}") = "EnumerableExtensions", "EnumerableExtensions\EnumerableExtensions\EnumerableExtensions.csproj", "{026423F9-5197-4BEA-8DE8-2857BBD319E2}"
EndProject
Project("{2150E333-8FDC-42A3-9474-1A3956D46DE8}") = "Day02", "Day02", "{CE0FA1F6-5881-41BA-B796-8C567D2A5C7C}"
EndProject
Project("{9A19103F-16F7-4668-BE54-9A1E7A4F7556}") = "Day02.Core", "Day02\Program.cs\Day02.Core.csproj", "{775D6F8B-D77A-44E3-A8DF-5B8BFB4E8C11}"
EndProject
Project("{9A19103F-16F7-4668-BE54-9A1E7A4F7556}") = "Day02.Tests", "Day02\Day02.Tests\Day02.Tests.csproj", "{D2F3752F-DA86-4BC0-BB07-5FB5E4ABB94D}"
EndProject
Project("{2150E333-8FDC-42A3-9474-1A3956D46DE8}") = "Day03", "Day03", "{9CC162BA-D8E6-435D-9539-2ED3B67A7342}"
EndProject
Project("{9A19103F-16F7-4668-BE54-9A1E7A4F7556}") = "Day03.Core", "Day03\Day03.Core\Day03.Core.csproj", "{C02D3BDE-C2F8-45EA-B030-D68E14B54CC2}"
EndProject
Project("{9A19103F-16F7-4668-BE54-9A1E7A4F7556}") = "Day03.Tests", "Day03\Day03.Tests\Day03.Tests.csproj", "{E38D650E-9DFA-4C52-9B37-F5E50A2D020E}"
EndProject
Project("{2150E333-8FDC-42A3-9474-1A3956D46DE8}") = "Day04", "Day04", "{AB846BC9-38AA-4868-BC38-166327F46147}"
EndProject
Project("{9A19103F-16F7-4668-BE54-9A1E7A4F7556}") = "Day04.Tests", "Day04\Day04.Tests\Day04.Tests.csproj", "{45EBFC0F-DE77-4910-86B8-9075CB3EDE53}"
EndProject
Project("{9A19103F-16F7-4668-BE54-9A1E7A4F7556}") = "Day04.Core", "Day04\Day04.Core\Day04.Core.csproj", "{2B565867-99B6-4649-A45D-F4BDB839ABDE}"
EndProject
Project("{2150E333-8FDC-42A3-9474-1A3956D46DE8}") = "Day05", "Day05", "{659725DE-49B2-4BC3-BE0E-8D11AFBACFFB}"
EndProject
Project("{9A19103F-16F7-4668-BE54-9A1E7A4F7556}") = "Day05.Tests", "Day05\Day05.Tests\Day05.Tests.csproj", "{B808A66F-0738-4613-A8AC-7FEBF009DF83}"
EndProject
Project("{9A19103F-16F7-4668-BE54-9A1E7A4F7556}") = "Day05.Core", "Day05\Day05.Core\Day05.Core.csproj", "{0BFF6554-0E14-4002-9020-DBAB4BF49C6B}"
EndProject
Project("{2150E333-8FDC-42A3-9474-1A3956D46DE8}") = "Day06", "Day06", "{FFEFE977-B36C-4F8B-A129-090AE395B33B}"
EndProject
Project("{9A19103F-16F7-4668-BE54-9A1E7A4F7556}") = "Day06.Core", "Day06\Day06.Core\Day06.Core.csproj", "{AED4E86E-A43F-4848-9FD4-642774C864C1}"
EndProject
Project("{9A19103F-16F7-4668-BE54-9A1E7A4F7556}") = "Day06.Tests", "Day06\Day06.Tests\Day06.Tests.csproj", "{BFF1C4FD-C45D-462B-9F0A-674515F8BBB0}"
EndProject
Project("{2150E333-8FDC-42A3-9474-1A3956D46DE8}") = "Day07", "Day07", "{51A8E810-A4D3-402D-862E-6A363A8DD263}"
EndProject
Project("{9A19103F-16F7-4668-BE54-9A1E7A4F7556}") = "Day07.Filesystem", "Day07\Day07.Filesystem\Day07.Filesystem.csproj", "{96FBC381-75DD-462D-8F48-EAEF88AA3906}"
EndProject
Project("{9A19103F-16F7-4668-BE54-9A1E7A4F7556}") = "Day07.Tests", "Day07\Day07.Tests\Day07.Tests.csproj", "{F85547FE-0492-4DD7-A0DF-23E3DECB8715}"
EndProject
Project("{9A19103F-16F7-4668-BE54-9A1E7A4F7556}") = "Day07.Program", "Day07\Day07.Program\Day07.Program.csproj", "{32947D17-D869-4863-9730-FFD40B669AAB}"
EndProject
Project("{2150E333-8FDC-42A3-9474-1A3956D46DE8}") = "Day08", "Day08", "{A8853155-1356-4C8B-902B-6792F8B52D0F}"
EndProject
Project("{9A19103F-16F7-4668-BE54-9A1E7A4F7556}") = "Day08.Tests", "Day08\Day08.Tests\Day08.Tests.csproj", "{7F7EBAF4-313D-484B-B192-54E02C030253}"
EndProject
Project("{9A19103F-16F7-4668-BE54-9A1E7A4F7556}") = "Day08.Core", "Day08\Day08.Core\Day08.Core.csproj", "{3A0A71A1-E8F4-48EF-8C05-A2C3067A30C4}"
EndProject
Project("{2150E333-8FDC-42A3-9474-1A3956D46DE8}") = "Day09", "Day09", "{81F2688E-D888-453C-AF33-359337372057}"
EndProject
Project("{FAE04EC0-301F-11D3-BF4B-00C04F79EFBC}") = "Day09.Tests", "Day09\Day09.Tests\Day09.Tests.csproj", "{6634E945-C3FA-490A-B9A0-C903EB53E3FF}"
EndProject
Project("{FAE04EC0-301F-11D3-BF4B-00C04F79EFBC}") = "Day08.Forestry", "Day08\Day08.Forestry\Day08.Forestry.csproj", "{F2E5E701-29FF-4FE6-983F-086598E7FE66}"
EndProject
Project("{FAE04EC0-301F-11D3-BF4B-00C04F79EFBC}") = "Day09.Program", "Day09\Day09.Program\Day09.Program.csproj", "{8F716BE8-BDD8-4D14-BD19-15D292225A07}"
EndProject
Project("{FAE04EC0-301F-11D3-BF4B-00C04F79EFBC}") = "Day09.RopeMotionSimulator", "Day09\Day09.RopeMotionSimulator\Day09.RopeMotionSimulator.csproj", "{FF64EF36-99F6-4472-B78E-F2A8D7915370}"
EndProject
Global
	GlobalSection(SolutionConfigurationPlatforms) = preSolution
		Debug|Any CPU = Debug|Any CPU
		Release|Any CPU = Release|Any CPU
	EndGlobalSection
	GlobalSection(ProjectConfigurationPlatforms) = postSolution
		{95252677-41BB-4C2D-8880-8FA94C799E46}.Debug|Any CPU.ActiveCfg = Debug|Any CPU
		{95252677-41BB-4C2D-8880-8FA94C799E46}.Debug|Any CPU.Build.0 = Debug|Any CPU
		{95252677-41BB-4C2D-8880-8FA94C799E46}.Release|Any CPU.ActiveCfg = Release|Any CPU
		{95252677-41BB-4C2D-8880-8FA94C799E46}.Release|Any CPU.Build.0 = Release|Any CPU
		{24FBD6C1-DE86-4901-B75F-2CAE9664F702}.Debug|Any CPU.ActiveCfg = Debug|Any CPU
		{24FBD6C1-DE86-4901-B75F-2CAE9664F702}.Debug|Any CPU.Build.0 = Debug|Any CPU
		{24FBD6C1-DE86-4901-B75F-2CAE9664F702}.Release|Any CPU.ActiveCfg = Release|Any CPU
		{24FBD6C1-DE86-4901-B75F-2CAE9664F702}.Release|Any CPU.Build.0 = Release|Any CPU
		{026423F9-5197-4BEA-8DE8-2857BBD319E2}.Debug|Any CPU.ActiveCfg = Debug|Any CPU
		{026423F9-5197-4BEA-8DE8-2857BBD319E2}.Debug|Any CPU.Build.0 = Debug|Any CPU
		{026423F9-5197-4BEA-8DE8-2857BBD319E2}.Release|Any CPU.ActiveCfg = Release|Any CPU
		{026423F9-5197-4BEA-8DE8-2857BBD319E2}.Release|Any CPU.Build.0 = Release|Any CPU
		{775D6F8B-D77A-44E3-A8DF-5B8BFB4E8C11}.Debug|Any CPU.ActiveCfg = Debug|Any CPU
		{775D6F8B-D77A-44E3-A8DF-5B8BFB4E8C11}.Debug|Any CPU.Build.0 = Debug|Any CPU
		{775D6F8B-D77A-44E3-A8DF-5B8BFB4E8C11}.Release|Any CPU.ActiveCfg = Release|Any CPU
		{775D6F8B-D77A-44E3-A8DF-5B8BFB4E8C11}.Release|Any CPU.Build.0 = Release|Any CPU
		{D2F3752F-DA86-4BC0-BB07-5FB5E4ABB94D}.Debug|Any CPU.ActiveCfg = Debug|Any CPU
		{D2F3752F-DA86-4BC0-BB07-5FB5E4ABB94D}.Debug|Any CPU.Build.0 = Debug|Any CPU
		{D2F3752F-DA86-4BC0-BB07-5FB5E4ABB94D}.Release|Any CPU.ActiveCfg = Release|Any CPU
		{D2F3752F-DA86-4BC0-BB07-5FB5E4ABB94D}.Release|Any CPU.Build.0 = Release|Any CPU
		{C02D3BDE-C2F8-45EA-B030-D68E14B54CC2}.Debug|Any CPU.ActiveCfg = Debug|Any CPU
		{C02D3BDE-C2F8-45EA-B030-D68E14B54CC2}.Debug|Any CPU.Build.0 = Debug|Any CPU
		{C02D3BDE-C2F8-45EA-B030-D68E14B54CC2}.Release|Any CPU.ActiveCfg = Release|Any CPU
		{C02D3BDE-C2F8-45EA-B030-D68E14B54CC2}.Release|Any CPU.Build.0 = Release|Any CPU
		{E38D650E-9DFA-4C52-9B37-F5E50A2D020E}.Debug|Any CPU.ActiveCfg = Debug|Any CPU
		{E38D650E-9DFA-4C52-9B37-F5E50A2D020E}.Debug|Any CPU.Build.0 = Debug|Any CPU
		{E38D650E-9DFA-4C52-9B37-F5E50A2D020E}.Release|Any CPU.ActiveCfg = Release|Any CPU
		{E38D650E-9DFA-4C52-9B37-F5E50A2D020E}.Release|Any CPU.Build.0 = Release|Any CPU
		{45EBFC0F-DE77-4910-86B8-9075CB3EDE53}.Debug|Any CPU.ActiveCfg = Debug|Any CPU
		{45EBFC0F-DE77-4910-86B8-9075CB3EDE53}.Debug|Any CPU.Build.0 = Debug|Any CPU
		{45EBFC0F-DE77-4910-86B8-9075CB3EDE53}.Release|Any CPU.ActiveCfg = Release|Any CPU
		{45EBFC0F-DE77-4910-86B8-9075CB3EDE53}.Release|Any CPU.Build.0 = Release|Any CPU
		{2B565867-99B6-4649-A45D-F4BDB839ABDE}.Debug|Any CPU.ActiveCfg = Debug|Any CPU
		{2B565867-99B6-4649-A45D-F4BDB839ABDE}.Debug|Any CPU.Build.0 = Debug|Any CPU
		{2B565867-99B6-4649-A45D-F4BDB839ABDE}.Release|Any CPU.ActiveCfg = Release|Any CPU
		{2B565867-99B6-4649-A45D-F4BDB839ABDE}.Release|Any CPU.Build.0 = Release|Any CPU
		{B808A66F-0738-4613-A8AC-7FEBF009DF83}.Debug|Any CPU.ActiveCfg = Debug|Any CPU
		{B808A66F-0738-4613-A8AC-7FEBF009DF83}.Debug|Any CPU.Build.0 = Debug|Any CPU
		{B808A66F-0738-4613-A8AC-7FEBF009DF83}.Release|Any CPU.ActiveCfg = Release|Any CPU
		{B808A66F-0738-4613-A8AC-7FEBF009DF83}.Release|Any CPU.Build.0 = Release|Any CPU
		{0BFF6554-0E14-4002-9020-DBAB4BF49C6B}.Debug|Any CPU.ActiveCfg = Debug|Any CPU
		{0BFF6554-0E14-4002-9020-DBAB4BF49C6B}.Debug|Any CPU.Build.0 = Debug|Any CPU
		{0BFF6554-0E14-4002-9020-DBAB4BF49C6B}.Release|Any CPU.ActiveCfg = Release|Any CPU
		{0BFF6554-0E14-4002-9020-DBAB4BF49C6B}.Release|Any CPU.Build.0 = Release|Any CPU
		{AED4E86E-A43F-4848-9FD4-642774C864C1}.Debug|Any CPU.ActiveCfg = Debug|Any CPU
		{AED4E86E-A43F-4848-9FD4-642774C864C1}.Debug|Any CPU.Build.0 = Debug|Any CPU
		{AED4E86E-A43F-4848-9FD4-642774C864C1}.Release|Any CPU.ActiveCfg = Release|Any CPU
		{AED4E86E-A43F-4848-9FD4-642774C864C1}.Release|Any CPU.Build.0 = Release|Any CPU
		{BFF1C4FD-C45D-462B-9F0A-674515F8BBB0}.Debug|Any CPU.ActiveCfg = Debug|Any CPU
		{BFF1C4FD-C45D-462B-9F0A-674515F8BBB0}.Debug|Any CPU.Build.0 = Debug|Any CPU
		{BFF1C4FD-C45D-462B-9F0A-674515F8BBB0}.Release|Any CPU.ActiveCfg = Release|Any CPU
		{BFF1C4FD-C45D-462B-9F0A-674515F8BBB0}.Release|Any CPU.Build.0 = Release|Any CPU
		{96FBC381-75DD-462D-8F48-EAEF88AA3906}.Debug|Any CPU.ActiveCfg = Debug|Any CPU
		{96FBC381-75DD-462D-8F48-EAEF88AA3906}.Debug|Any CPU.Build.0 = Debug|Any CPU
		{96FBC381-75DD-462D-8F48-EAEF88AA3906}.Release|Any CPU.ActiveCfg = Release|Any CPU
		{96FBC381-75DD-462D-8F48-EAEF88AA3906}.Release|Any CPU.Build.0 = Release|Any CPU
		{F85547FE-0492-4DD7-A0DF-23E3DECB8715}.Debug|Any CPU.ActiveCfg = Debug|Any CPU
		{F85547FE-0492-4DD7-A0DF-23E3DECB8715}.Debug|Any CPU.Build.0 = Debug|Any CPU
		{F85547FE-0492-4DD7-A0DF-23E3DECB8715}.Release|Any CPU.ActiveCfg = Release|Any CPU
		{F85547FE-0492-4DD7-A0DF-23E3DECB8715}.Release|Any CPU.Build.0 = Release|Any CPU
		{32947D17-D869-4863-9730-FFD40B669AAB}.Debug|Any CPU.ActiveCfg = Debug|Any CPU
		{32947D17-D869-4863-9730-FFD40B669AAB}.Debug|Any CPU.Build.0 = Debug|Any CPU
		{32947D17-D869-4863-9730-FFD40B669AAB}.Release|Any CPU.ActiveCfg = Release|Any CPU
		{32947D17-D869-4863-9730-FFD40B669AAB}.Release|Any CPU.Build.0 = Release|Any CPU
		{7F7EBAF4-313D-484B-B192-54E02C030253}.Debug|Any CPU.ActiveCfg = Debug|Any CPU
		{7F7EBAF4-313D-484B-B192-54E02C030253}.Debug|Any CPU.Build.0 = Debug|Any CPU
		{7F7EBAF4-313D-484B-B192-54E02C030253}.Release|Any CPU.ActiveCfg = Release|Any CPU
		{7F7EBAF4-313D-484B-B192-54E02C030253}.Release|Any CPU.Build.0 = Release|Any CPU
		{3A0A71A1-E8F4-48EF-8C05-A2C3067A30C4}.Debug|Any CPU.ActiveCfg = Debug|Any CPU
		{3A0A71A1-E8F4-48EF-8C05-A2C3067A30C4}.Debug|Any CPU.Build.0 = Debug|Any CPU
		{3A0A71A1-E8F4-48EF-8C05-A2C3067A30C4}.Release|Any CPU.ActiveCfg = Release|Any CPU
		{3A0A71A1-E8F4-48EF-8C05-A2C3067A30C4}.Release|Any CPU.Build.0 = Release|Any CPU
		{6634E945-C3FA-490A-B9A0-C903EB53E3FF}.Debug|Any CPU.ActiveCfg = Debug|Any CPU
		{6634E945-C3FA-490A-B9A0-C903EB53E3FF}.Debug|Any CPU.Build.0 = Debug|Any CPU
		{6634E945-C3FA-490A-B9A0-C903EB53E3FF}.Release|Any CPU.ActiveCfg = Release|Any CPU
		{6634E945-C3FA-490A-B9A0-C903EB53E3FF}.Release|Any CPU.Build.0 = Release|Any CPU
		{F2E5E701-29FF-4FE6-983F-086598E7FE66}.Debug|Any CPU.ActiveCfg = Debug|Any CPU
		{F2E5E701-29FF-4FE6-983F-086598E7FE66}.Debug|Any CPU.Build.0 = Debug|Any CPU
		{F2E5E701-29FF-4FE6-983F-086598E7FE66}.Release|Any CPU.ActiveCfg = Release|Any CPU
		{F2E5E701-29FF-4FE6-983F-086598E7FE66}.Release|Any CPU.Build.0 = Release|Any CPU
		{8F716BE8-BDD8-4D14-BD19-15D292225A07}.Debug|Any CPU.ActiveCfg = Debug|Any CPU
		{8F716BE8-BDD8-4D14-BD19-15D292225A07}.Debug|Any CPU.Build.0 = Debug|Any CPU
		{8F716BE8-BDD8-4D14-BD19-15D292225A07}.Release|Any CPU.ActiveCfg = Release|Any CPU
		{8F716BE8-BDD8-4D14-BD19-15D292225A07}.Release|Any CPU.Build.0 = Release|Any CPU
		{FF64EF36-99F6-4472-B78E-F2A8D7915370}.Debug|Any CPU.ActiveCfg = Debug|Any CPU
		{FF64EF36-99F6-4472-B78E-F2A8D7915370}.Debug|Any CPU.Build.0 = Debug|Any CPU
		{FF64EF36-99F6-4472-B78E-F2A8D7915370}.Release|Any CPU.ActiveCfg = Release|Any CPU
		{FF64EF36-99F6-4472-B78E-F2A8D7915370}.Release|Any CPU.Build.0 = Release|Any CPU
	EndGlobalSection
	GlobalSection(SolutionProperties) = preSolution
		HideSolutionNode = FALSE
	EndGlobalSection
	GlobalSection(NestedProjects) = preSolution
		{95252677-41BB-4C2D-8880-8FA94C799E46} = {8FA913B7-46DC-443E-A3CD-891DB0ED7A05}
		{24FBD6C1-DE86-4901-B75F-2CAE9664F702} = {8FA913B7-46DC-443E-A3CD-891DB0ED7A05}
		{026423F9-5197-4BEA-8DE8-2857BBD319E2} = {8FA913B7-46DC-443E-A3CD-891DB0ED7A05}
		{775D6F8B-D77A-44E3-A8DF-5B8BFB4E8C11} = {CE0FA1F6-5881-41BA-B796-8C567D2A5C7C}
		{D2F3752F-DA86-4BC0-BB07-5FB5E4ABB94D} = {CE0FA1F6-5881-41BA-B796-8C567D2A5C7C}
		{C02D3BDE-C2F8-45EA-B030-D68E14B54CC2} = {9CC162BA-D8E6-435D-9539-2ED3B67A7342}
		{E38D650E-9DFA-4C52-9B37-F5E50A2D020E} = {9CC162BA-D8E6-435D-9539-2ED3B67A7342}
		{45EBFC0F-DE77-4910-86B8-9075CB3EDE53} = {AB846BC9-38AA-4868-BC38-166327F46147}
		{2B565867-99B6-4649-A45D-F4BDB839ABDE} = {AB846BC9-38AA-4868-BC38-166327F46147}
		{B808A66F-0738-4613-A8AC-7FEBF009DF83} = {659725DE-49B2-4BC3-BE0E-8D11AFBACFFB}
		{0BFF6554-0E14-4002-9020-DBAB4BF49C6B} = {659725DE-49B2-4BC3-BE0E-8D11AFBACFFB}
		{AED4E86E-A43F-4848-9FD4-642774C864C1} = {FFEFE977-B36C-4F8B-A129-090AE395B33B}
		{BFF1C4FD-C45D-462B-9F0A-674515F8BBB0} = {FFEFE977-B36C-4F8B-A129-090AE395B33B}
		{96FBC381-75DD-462D-8F48-EAEF88AA3906} = {51A8E810-A4D3-402D-862E-6A363A8DD263}
		{F85547FE-0492-4DD7-A0DF-23E3DECB8715} = {51A8E810-A4D3-402D-862E-6A363A8DD263}
		{32947D17-D869-4863-9730-FFD40B669AAB} = {51A8E810-A4D3-402D-862E-6A363A8DD263}
		{7F7EBAF4-313D-484B-B192-54E02C030253} = {A8853155-1356-4C8B-902B-6792F8B52D0F}
		{3A0A71A1-E8F4-48EF-8C05-A2C3067A30C4} = {A8853155-1356-4C8B-902B-6792F8B52D0F}
		{6634E945-C3FA-490A-B9A0-C903EB53E3FF} = {81F2688E-D888-453C-AF33-359337372057}
		{F2E5E701-29FF-4FE6-983F-086598E7FE66} = {A8853155-1356-4C8B-902B-6792F8B52D0F}
		{8F716BE8-BDD8-4D14-BD19-15D292225A07} = {81F2688E-D888-453C-AF33-359337372057}
		{FF64EF36-99F6-4472-B78E-F2A8D7915370} = {81F2688E-D888-453C-AF33-359337372057}
	EndGlobalSection
	GlobalSection(ExtensibilityGlobals) = postSolution
		SolutionGuid = {CB41D4A1-4B14-4AD9-AF8B-E337D72DFEAC}
	EndGlobalSection
EndGlobal
