
Microsoft Visual Studio Solution File, Format Version 12.00
# Visual Studio Version 17
VisualStudioVersion = 17.4.33122.133
MinimumVisualStudioVersion = 10.0.40219.1
Project("{9A19103F-16F7-4668-BE54-9A1E7A4F7556}") = "EnumerableExtensions", "EnumerableExtensions\EnumerableExtensions.csproj", "{A8635C51-E6FE-439F-861E-06412AB22554}"
EndProject
Project("{9A19103F-16F7-4668-BE54-9A1E7A4F7556}") = "EnumerableExtensionsTests", "EnumerableExtensionsTests\EnumerableExtensionsTests.csproj", "{4DA61A90-5E63-4C2B-969F-6804CD02F929}"
EndProject
Global
	GlobalSection(SolutionConfigurationPlatforms) = preSolution
		Debug|Any CPU = Debug|Any CPU
		Release|Any CPU = Release|Any CPU
	EndGlobalSection
	GlobalSection(ProjectConfigurationPlatforms) = postSolution
		{A8635C51-E6FE-439F-861E-06412AB22554}.Debug|Any CPU.ActiveCfg = Debug|Any CPU
		{A8635C51-E6FE-439F-861E-06412AB22554}.Debug|Any CPU.Build.0 = Debug|Any CPU
		{A8635C51-E6FE-439F-861E-06412AB22554}.Release|Any CPU.ActiveCfg = Release|Any CPU
		{A8635C51-E6FE-439F-861E-06412AB22554}.Release|Any CPU.Build.0 = Release|Any CPU
		{4DA61A90-5E63-4C2B-969F-6804CD02F929}.Debug|Any CPU.ActiveCfg = Debug|Any CPU
		{4DA61A90-5E63-4C2B-969F-6804CD02F929}.Debug|Any CPU.Build.0 = Debug|Any CPU
		{4DA61A90-5E63-4C2B-969F-6804CD02F929}.Release|Any CPU.ActiveCfg = Release|Any CPU
		{4DA61A90-5E63-4C2B-969F-6804CD02F929}.Release|Any CPU.Build.0 = Release|Any CPU
	EndGlobalSection
	GlobalSection(SolutionProperties) = preSolution
		HideSolutionNode = FALSE
	EndGlobalSection
	GlobalSection(ExtensibilityGlobals) = postSolution
		SolutionGuid = {D1C37D6C-D847-4F33-BDAF-B7FA42F5F37C}
	EndGlobalSection
EndGlobal
